
Microsoft Visual Studio Solution File, Format Version 12.00
# Visual Studio Version 17
VisualStudioVersion = 17.3.32929.385
MinimumVisualStudioVersion = 10.0.40219.1
Project("{8BC9CEB8-8B4A-11D0-8D11-00A0C91BC942}") = "jak_dojade", "jak_dojade.vcxproj", "{24D419F6-7BF2-48CF-B22D-409B050C4CED}"
EndProject
Global
	GlobalSection(SolutionConfigurationPlatforms) = preSolution
		Debug|x64 = Debug|x64
		Debug|x86 = Debug|x86
		Release|x64 = Release|x64
		Release|x86 = Release|x86
	EndGlobalSection
	GlobalSection(ProjectConfigurationPlatforms) = postSolution
		{24D419F6-7BF2-48CF-B22D-409B050C4CED}.Debug|x64.ActiveCfg = Debug|x64
		{24D419F6-7BF2-48CF-B22D-409B050C4CED}.Debug|x64.Build.0 = Debug|x64
		{24D419F6-7BF2-48CF-B22D-409B050C4CED}.Debug|x86.ActiveCfg = Debug|Win32
		{24D419F6-7BF2-48CF-B22D-409B050C4CED}.Debug|x86.Build.0 = Debug|Win32
		{24D419F6-7BF2-48CF-B22D-409B050C4CED}.Release|x64.ActiveCfg = Release|x64
		{24D419F6-7BF2-48CF-B22D-409B050C4CED}.Release|x64.Build.0 = Release|x64
		{24D419F6-7BF2-48CF-B22D-409B050C4CED}.Release|x86.ActiveCfg = Release|Win32
		{24D419F6-7BF2-48CF-B22D-409B050C4CED}.Release|x86.Build.0 = Release|Win32
	EndGlobalSection
	GlobalSection(SolutionProperties) = preSolution
		HideSolutionNode = FALSE
	EndGlobalSection
	GlobalSection(ExtensibilityGlobals) = postSolution
		SolutionGuid = {CA2F295A-4D43-4895-8E54-B6A6E361BE02}
	EndGlobalSection
EndGlobal
